{
  "name": "excms_server",
  "lockfileVersion": 2,
  "requires": true,
  "packages": {
    "": {
      "name": "excms_server",
      "license": "Apache-2.0",
      "dependencies": {
        "excms_account": "file:../",
        "excms_core": "file:../deps/excms_core/"
      }
    },
    "..": {
      "name": "excms_core",
      "license": "Apache-2.0"
    },
    "../deps/excms_core": {
      "license": "Apache-2.0",
      "dependencies": {
        "@popperjs/core": "^2.9.2",
        "bootstrap": "^5.0.1"
      }
    },
    "node_modules/excms_account": {
      "resolved": "..",
      "link": true
    },
    "node_modules/excms_core": {
      "resolved": "../deps/excms_core",
      "link": true
    }
  },
  "dependencies": {
    "excms_account": {
      "version": "file:.."
    },
    "excms_core": {
      "version": "file:../deps/excms_core",
      "requires": {
        "@popperjs/core": "^2.9.2",
        "bootstrap": "^5.0.1"
      }
    }
  }
}
